
Microsoft Visual Studio Solution File, Format Version 12.00
Project("{FAE04EC0-301F-11D3-BF4B-00C04F79EFBC}") = "ECOSAGE.API", "ECOSAGE.API\ECOSAGE.API.csproj", "{665EC3AC-A86F-48A6-8D79-266E48710624}"
EndProject
Project("{FAE04EC0-301F-11D3-BF4B-00C04F79EFBC}") = "ECOSAGE.DATA", "ECOSAGE.DATA\ECOSAGE.DATA.csproj", "{667E3066-DE96-49AF-BFF0-108788F3D63D}"
EndProject
Project("{FAE04EC0-301F-11D3-BF4B-00C04F79EFBC}") = "ECOSAGE.SERVICE", "ECOSAGE.SERVICE\ECOSAGE.SERVICE.csproj", "{E888B5EF-9048-4C20-86CC-05FA76560802}"
EndProject
Project("{FAE04EC0-301F-11D3-BF4B-00C04F79EFBC}") = "ECOSAGE.TESTS", "ECOSAGE.TESTS\ECOSAGE.TESTS.csproj", "{28CB5E49-F31D-4A73-9E5E-CCFD332A479D}"
EndProject
Project("{FAE04EC0-301F-11D3-BF4B-00C04F79EFBC}") = "ECOSAGE.REPOSITORY", "ECOSAGE.REPOSITORY\ECOSAGE.REPOSITORY.csproj", "{833D92C1-50E9-48BF-A187-04F1F4F2D183}"
EndProject
Global
	GlobalSection(SolutionConfigurationPlatforms) = preSolution
		Debug|Any CPU = Debug|Any CPU
		Release|Any CPU = Release|Any CPU
	EndGlobalSection
	GlobalSection(ProjectConfigurationPlatforms) = postSolution
		{665EC3AC-A86F-48A6-8D79-266E48710624}.Debug|Any CPU.ActiveCfg = Debug|Any CPU
		{665EC3AC-A86F-48A6-8D79-266E48710624}.Debug|Any CPU.Build.0 = Debug|Any CPU
		{665EC3AC-A86F-48A6-8D79-266E48710624}.Release|Any CPU.ActiveCfg = Release|Any CPU
		{665EC3AC-A86F-48A6-8D79-266E48710624}.Release|Any CPU.Build.0 = Release|Any CPU
		{667E3066-DE96-49AF-BFF0-108788F3D63D}.Debug|Any CPU.ActiveCfg = Debug|Any CPU
		{667E3066-DE96-49AF-BFF0-108788F3D63D}.Debug|Any CPU.Build.0 = Debug|Any CPU
		{667E3066-DE96-49AF-BFF0-108788F3D63D}.Release|Any CPU.ActiveCfg = Release|Any CPU
		{667E3066-DE96-49AF-BFF0-108788F3D63D}.Release|Any CPU.Build.0 = Release|Any CPU
		{E888B5EF-9048-4C20-86CC-05FA76560802}.Debug|Any CPU.ActiveCfg = Debug|Any CPU
		{E888B5EF-9048-4C20-86CC-05FA76560802}.Debug|Any CPU.Build.0 = Debug|Any CPU
		{E888B5EF-9048-4C20-86CC-05FA76560802}.Release|Any CPU.ActiveCfg = Release|Any CPU
		{E888B5EF-9048-4C20-86CC-05FA76560802}.Release|Any CPU.Build.0 = Release|Any CPU
		{28CB5E49-F31D-4A73-9E5E-CCFD332A479D}.Debug|Any CPU.ActiveCfg = Debug|Any CPU
		{28CB5E49-F31D-4A73-9E5E-CCFD332A479D}.Debug|Any CPU.Build.0 = Debug|Any CPU
		{28CB5E49-F31D-4A73-9E5E-CCFD332A479D}.Release|Any CPU.ActiveCfg = Release|Any CPU
		{28CB5E49-F31D-4A73-9E5E-CCFD332A479D}.Release|Any CPU.Build.0 = Release|Any CPU
		{833D92C1-50E9-48BF-A187-04F1F4F2D183}.Debug|Any CPU.ActiveCfg = Debug|Any CPU
		{833D92C1-50E9-48BF-A187-04F1F4F2D183}.Debug|Any CPU.Build.0 = Debug|Any CPU
		{833D92C1-50E9-48BF-A187-04F1F4F2D183}.Release|Any CPU.ActiveCfg = Release|Any CPU
		{833D92C1-50E9-48BF-A187-04F1F4F2D183}.Release|Any CPU.Build.0 = Release|Any CPU
	EndGlobalSection
EndGlobal
